
Microsoft Visual Studio Solution File, Format Version 12.00
# Visual Studio Version 17
VisualStudioVersion = 17.5.33414.496
MinimumVisualStudioVersion = 10.0.40219.1
Project("{FAE04EC0-301F-11D3-BF4B-00C04F79EFBC}") = "AllUp", "AllUp\AllUp.csproj", "{1897E264-7A14-44EC-A8ED-0306E23671FB}"
EndProject
Global
	GlobalSection(SolutionConfigurationPlatforms) = preSolution
		Debug|Any CPU = Debug|Any CPU
		Release|Any CPU = Release|Any CPU
	EndGlobalSection
	GlobalSection(ProjectConfigurationPlatforms) = postSolution
		{1897E264-7A14-44EC-A8ED-0306E23671FB}.Debug|Any CPU.ActiveCfg = Debug|Any CPU
		{1897E264-7A14-44EC-A8ED-0306E23671FB}.Debug|Any CPU.Build.0 = Debug|Any CPU
		{1897E264-7A14-44EC-A8ED-0306E23671FB}.Release|Any CPU.ActiveCfg = Release|Any CPU
		{1897E264-7A14-44EC-A8ED-0306E23671FB}.Release|Any CPU.Build.0 = Release|Any CPU
	EndGlobalSection
	GlobalSection(SolutionProperties) = preSolution
		HideSolutionNode = FALSE
	EndGlobalSection
	GlobalSection(ExtensibilityGlobals) = postSolution
		SolutionGuid = {14713ECC-5F79-4244-9967-8A3E77143B65}
	EndGlobalSection
EndGlobal
